
Microsoft Visual Studio Solution File, Format Version 12.00
# Visual Studio 15
VisualStudioVersion = 15.0.26430.15
MinimumVisualStudioVersion = 10.0.40219.1
Project("{FAE04EC0-301F-11D3-BF4B-00C04F79EFBC}") = "JK.Framework.Data", "JK.Framework.Data\JK.Framework.Data.csproj", "{837B0507-D077-489C-B117-B14D8596E547}"
EndProject
Project("{FAE04EC0-301F-11D3-BF4B-00C04F79EFBC}") = "JK.Framework.Web", "JK.Framework.Web\JK.Framework.Web.csproj", "{47AD0371-1680-4EBA-BED6-9A0FC473B265}"
EndProject
Project("{FAE04EC0-301F-11D3-BF4B-00C04F79EFBC}") = "JK.Framework.Extensions", "JK.Framework.Extensions\JK.Framework.Extensions.csproj", "{FFCDE5F0-5423-4723-A5C9-894CB359FD55}"
EndProject
Project("{FAE04EC0-301F-11D3-BF4B-00C04F79EFBC}") = "JK.Framework.Core", "JK.Framework.Core\JK.Framework.Core.csproj", "{1D16371D-484B-4EA0-8324-E39DC1BB251E}"
EndProject
Project("{FAE04EC0-301F-11D3-BF4B-00C04F79EFBC}") = "JK.Framework.API", "JK.Framework.API\JK.Framework.API.csproj", "{5D62A6D4-9579-45C9-AD39-592776FBB6C6}"
EndProject
Project("{FAE04EC0-301F-11D3-BF4B-00C04F79EFBC}") = "JK.Framework.Pay", "JK.Framework.Pay\JK.Framework.Pay.csproj", "{D8F93D0A-620F-4BB7-A0B2-E799CEF75B8C}"
EndProject
Project("{FAE04EC0-301F-11D3-BF4B-00C04F79EFBC}") = "JK.Framework.Sms", "JK.Framework.Sms\JK.Framework.Sms.csproj", "{A400624B-ADFE-47E0-8B21-C71F2C612537}"
EndProject
Project("{2150E333-8FDC-42A3-9474-1A3956D46DE8}") = "ReadMe", "ReadMe", "{4A66177F-E981-4E20-B65E-77D0CFC3D926}"
	ProjectSection(SolutionItems) = preProject
		ReadMe.txt = ReadMe.txt
	EndProjectSection
EndProject
Project("{FAE04EC0-301F-11D3-BF4B-00C04F79EFBC}") = "JK.Framework.Test", "JK.Framework.Test\JK.Framework.Test.csproj", "{56C31614-2356-468D-B175-C83DB8EDE843}"
EndProject
Project("{2150E333-8FDC-42A3-9474-1A3956D46DE8}") = "Other", "Other", "{FD36F2AB-0AD2-4CE0-A4C1-0F8623A049FE}"
EndProject
Project("{2150E333-8FDC-42A3-9474-1A3956D46DE8}") = "Test", "Test", "{103C971A-D80F-4876-80CC-587E83DB7D96}"
EndProject
Project("{FAE04EC0-301F-11D3-BF4B-00C04F79EFBC}") = "JK.Frameword.Oauth", "JK.Frameword.Oauth\JK.Frameword.Oauth.csproj", "{9B347CC8-FA5F-4B09-A3D2-97A0F5D38862}"
EndProject
Project("{FAE04EC0-301F-11D3-BF4B-00C04F79EFBC}") = "JK.Framework.Logistics", "JK.Framework.Logistics\JK.Framework.Logistics.csproj", "{9F95051A-CB85-44FA-B2D3-646F75D116E5}"
EndProject
Project("{2150E333-8FDC-42A3-9474-1A3956D46DE8}") = "Common", "Common", "{2C0EDD59-7BF7-4BAF-8144-BD810C78BFD6}"
EndProject
Project("{FAE04EC0-301F-11D3-BF4B-00C04F79EFBC}") = "JK.Data", "JK.Data\JK.Data.csproj", "{5004705F-F7BB-4165-8DF3-ED420D01C666}"
EndProject
Project("{FAE04EC0-301F-11D3-BF4B-00C04F79EFBC}") = "JK.PayCenter", "JK.PayCenter\JK.PayCenter.csproj", "{AAEA227F-D110-4E6E-945B-D6E42E76C924}"
EndProject
Project("{FAE04EC0-301F-11D3-BF4B-00C04F79EFBC}") = "JK.Authority", "JK.Authority\JK.Authority.csproj", "{0C31DDB3-FD7B-455E-BDDC-415E1798A326}"
EndProject
Project("{2150E333-8FDC-42A3-9474-1A3956D46DE8}") = "PictureCenter", "PictureCenter", "{ACDFFC1A-D355-4AF4-A3AE-4CF8D92DD876}"
EndProject
Project("{FAE04EC0-301F-11D3-BF4B-00C04F79EFBC}") = "JK.PictureCenter.WebApi", "JK.PictureCenter.WebApi\JK.PictureCenter.WebApi.csproj", "{7B81F459-7683-4810-BB7E-84E651D26733}"
EndProject
Project("{2150E333-8FDC-42A3-9474-1A3956D46DE8}") = "Data", "Data", "{525815C3-83F8-4AB5-B9A5-359FEDEC0560}"
EndProject
Project("{2150E333-8FDC-42A3-9474-1A3956D46DE8}") = "Services", "Services", "{99242DE1-A084-4C69-B3E0-0D2C3D5ED570}"
EndProject
Project("{2150E333-8FDC-42A3-9474-1A3956D46DE8}") = "Api", "Api", "{95B72FB8-CD79-4CED-9571-6D94EF2ADEA8}"
EndProject
Project("{2150E333-8FDC-42A3-9474-1A3956D46DE8}") = "WechatOauth", "WechatOauth", "{13D52946-CE24-4632-8134-2F7F9F1B2F6E}"
EndProject
Project("{FAE04EC0-301F-11D3-BF4B-00C04F79EFBC}") = "JK.WechatOauth.WebApi", "JK.WechatOauth.WebApi\JK.WechatOauth.WebApi.csproj", "{396FA1FA-B00C-4BBB-AE03-C401F5FE9600}"
EndProject
Global
	GlobalSection(SolutionConfigurationPlatforms) = preSolution
		Debug|Any CPU = Debug|Any CPU
		Release|Any CPU = Release|Any CPU
	EndGlobalSection
	GlobalSection(ProjectConfigurationPlatforms) = postSolution
		{837B0507-D077-489C-B117-B14D8596E547}.Debug|Any CPU.ActiveCfg = Debug|Any CPU
		{837B0507-D077-489C-B117-B14D8596E547}.Debug|Any CPU.Build.0 = Debug|Any CPU
		{837B0507-D077-489C-B117-B14D8596E547}.Release|Any CPU.ActiveCfg = Release|Any CPU
		{837B0507-D077-489C-B117-B14D8596E547}.Release|Any CPU.Build.0 = Release|Any CPU
		{47AD0371-1680-4EBA-BED6-9A0FC473B265}.Debug|Any CPU.ActiveCfg = Debug|Any CPU
		{47AD0371-1680-4EBA-BED6-9A0FC473B265}.Debug|Any CPU.Build.0 = Debug|Any CPU
		{47AD0371-1680-4EBA-BED6-9A0FC473B265}.Release|Any CPU.ActiveCfg = Release|Any CPU
		{47AD0371-1680-4EBA-BED6-9A0FC473B265}.Release|Any CPU.Build.0 = Release|Any CPU
		{FFCDE5F0-5423-4723-A5C9-894CB359FD55}.Debug|Any CPU.ActiveCfg = Debug|Any CPU
		{FFCDE5F0-5423-4723-A5C9-894CB359FD55}.Debug|Any CPU.Build.0 = Debug|Any CPU
		{FFCDE5F0-5423-4723-A5C9-894CB359FD55}.Release|Any CPU.ActiveCfg = Release|Any CPU
		{FFCDE5F0-5423-4723-A5C9-894CB359FD55}.Release|Any CPU.Build.0 = Release|Any CPU
		{1D16371D-484B-4EA0-8324-E39DC1BB251E}.Debug|Any CPU.ActiveCfg = Debug|Any CPU
		{1D16371D-484B-4EA0-8324-E39DC1BB251E}.Debug|Any CPU.Build.0 = Debug|Any CPU
		{1D16371D-484B-4EA0-8324-E39DC1BB251E}.Release|Any CPU.ActiveCfg = Release|Any CPU
		{1D16371D-484B-4EA0-8324-E39DC1BB251E}.Release|Any CPU.Build.0 = Release|Any CPU
		{5D62A6D4-9579-45C9-AD39-592776FBB6C6}.Debug|Any CPU.ActiveCfg = Debug|Any CPU
		{5D62A6D4-9579-45C9-AD39-592776FBB6C6}.Debug|Any CPU.Build.0 = Debug|Any CPU
		{5D62A6D4-9579-45C9-AD39-592776FBB6C6}.Release|Any CPU.ActiveCfg = Release|Any CPU
		{5D62A6D4-9579-45C9-AD39-592776FBB6C6}.Release|Any CPU.Build.0 = Release|Any CPU
		{D8F93D0A-620F-4BB7-A0B2-E799CEF75B8C}.Debug|Any CPU.ActiveCfg = Debug|Any CPU
		{D8F93D0A-620F-4BB7-A0B2-E799CEF75B8C}.Debug|Any CPU.Build.0 = Debug|Any CPU
		{D8F93D0A-620F-4BB7-A0B2-E799CEF75B8C}.Release|Any CPU.ActiveCfg = Release|Any CPU
		{D8F93D0A-620F-4BB7-A0B2-E799CEF75B8C}.Release|Any CPU.Build.0 = Release|Any CPU
		{A400624B-ADFE-47E0-8B21-C71F2C612537}.Debug|Any CPU.ActiveCfg = Debug|Any CPU
		{A400624B-ADFE-47E0-8B21-C71F2C612537}.Debug|Any CPU.Build.0 = Debug|Any CPU
		{A400624B-ADFE-47E0-8B21-C71F2C612537}.Release|Any CPU.ActiveCfg = Release|Any CPU
		{A400624B-ADFE-47E0-8B21-C71F2C612537}.Release|Any CPU.Build.0 = Release|Any CPU
		{56C31614-2356-468D-B175-C83DB8EDE843}.Debug|Any CPU.ActiveCfg = Debug|Any CPU
		{56C31614-2356-468D-B175-C83DB8EDE843}.Debug|Any CPU.Build.0 = Debug|Any CPU
		{56C31614-2356-468D-B175-C83DB8EDE843}.Release|Any CPU.ActiveCfg = Release|Any CPU
		{56C31614-2356-468D-B175-C83DB8EDE843}.Release|Any CPU.Build.0 = Release|Any CPU
		{9B347CC8-FA5F-4B09-A3D2-97A0F5D38862}.Debug|Any CPU.ActiveCfg = Debug|Any CPU
		{9B347CC8-FA5F-4B09-A3D2-97A0F5D38862}.Debug|Any CPU.Build.0 = Debug|Any CPU
		{9B347CC8-FA5F-4B09-A3D2-97A0F5D38862}.Release|Any CPU.ActiveCfg = Release|Any CPU
		{9B347CC8-FA5F-4B09-A3D2-97A0F5D38862}.Release|Any CPU.Build.0 = Release|Any CPU
		{9F95051A-CB85-44FA-B2D3-646F75D116E5}.Debug|Any CPU.ActiveCfg = Debug|Any CPU
		{9F95051A-CB85-44FA-B2D3-646F75D116E5}.Debug|Any CPU.Build.0 = Debug|Any CPU
		{9F95051A-CB85-44FA-B2D3-646F75D116E5}.Release|Any CPU.ActiveCfg = Release|Any CPU
		{9F95051A-CB85-44FA-B2D3-646F75D116E5}.Release|Any CPU.Build.0 = Release|Any CPU
		{5004705F-F7BB-4165-8DF3-ED420D01C666}.Debug|Any CPU.ActiveCfg = Debug|Any CPU
		{5004705F-F7BB-4165-8DF3-ED420D01C666}.Debug|Any CPU.Build.0 = Debug|Any CPU
		{5004705F-F7BB-4165-8DF3-ED420D01C666}.Release|Any CPU.ActiveCfg = Release|Any CPU
		{5004705F-F7BB-4165-8DF3-ED420D01C666}.Release|Any CPU.Build.0 = Release|Any CPU
		{AAEA227F-D110-4E6E-945B-D6E42E76C924}.Debug|Any CPU.ActiveCfg = Debug|Any CPU
		{AAEA227F-D110-4E6E-945B-D6E42E76C924}.Debug|Any CPU.Build.0 = Debug|Any CPU
		{AAEA227F-D110-4E6E-945B-D6E42E76C924}.Release|Any CPU.ActiveCfg = Release|Any CPU
		{AAEA227F-D110-4E6E-945B-D6E42E76C924}.Release|Any CPU.Build.0 = Release|Any CPU
		{0C31DDB3-FD7B-455E-BDDC-415E1798A326}.Debug|Any CPU.ActiveCfg = Debug|Any CPU
		{0C31DDB3-FD7B-455E-BDDC-415E1798A326}.Debug|Any CPU.Build.0 = Debug|Any CPU
		{0C31DDB3-FD7B-455E-BDDC-415E1798A326}.Release|Any CPU.ActiveCfg = Release|Any CPU
		{0C31DDB3-FD7B-455E-BDDC-415E1798A326}.Release|Any CPU.Build.0 = Release|Any CPU
		{7B81F459-7683-4810-BB7E-84E651D26733}.Debug|Any CPU.ActiveCfg = Debug|Any CPU
		{7B81F459-7683-4810-BB7E-84E651D26733}.Debug|Any CPU.Build.0 = Debug|Any CPU
		{7B81F459-7683-4810-BB7E-84E651D26733}.Release|Any CPU.ActiveCfg = Release|Any CPU
		{7B81F459-7683-4810-BB7E-84E651D26733}.Release|Any CPU.Build.0 = Release|Any CPU
		{396FA1FA-B00C-4BBB-AE03-C401F5FE9600}.Debug|Any CPU.ActiveCfg = Debug|Any CPU
		{396FA1FA-B00C-4BBB-AE03-C401F5FE9600}.Debug|Any CPU.Build.0 = Debug|Any CPU
		{396FA1FA-B00C-4BBB-AE03-C401F5FE9600}.Release|Any CPU.ActiveCfg = Release|Any CPU
		{396FA1FA-B00C-4BBB-AE03-C401F5FE9600}.Release|Any CPU.Build.0 = Release|Any CPU
	EndGlobalSection
	GlobalSection(SolutionProperties) = preSolution
		HideSolutionNode = FALSE
	EndGlobalSection
	GlobalSection(NestedProjects) = preSolution
		{D8F93D0A-620F-4BB7-A0B2-E799CEF75B8C} = {FD36F2AB-0AD2-4CE0-A4C1-0F8623A049FE}
		{A400624B-ADFE-47E0-8B21-C71F2C612537} = {FD36F2AB-0AD2-4CE0-A4C1-0F8623A049FE}
		{56C31614-2356-468D-B175-C83DB8EDE843} = {103C971A-D80F-4876-80CC-587E83DB7D96}
		{9B347CC8-FA5F-4B09-A3D2-97A0F5D38862} = {FD36F2AB-0AD2-4CE0-A4C1-0F8623A049FE}
		{9F95051A-CB85-44FA-B2D3-646F75D116E5} = {FD36F2AB-0AD2-4CE0-A4C1-0F8623A049FE}
		{5004705F-F7BB-4165-8DF3-ED420D01C666} = {525815C3-83F8-4AB5-B9A5-359FEDEC0560}
		{AAEA227F-D110-4E6E-945B-D6E42E76C924} = {99242DE1-A084-4C69-B3E0-0D2C3D5ED570}
		{0C31DDB3-FD7B-455E-BDDC-415E1798A326} = {99242DE1-A084-4C69-B3E0-0D2C3D5ED570}
		{ACDFFC1A-D355-4AF4-A3AE-4CF8D92DD876} = {95B72FB8-CD79-4CED-9571-6D94EF2ADEA8}
		{7B81F459-7683-4810-BB7E-84E651D26733} = {ACDFFC1A-D355-4AF4-A3AE-4CF8D92DD876}
		{525815C3-83F8-4AB5-B9A5-359FEDEC0560} = {2C0EDD59-7BF7-4BAF-8144-BD810C78BFD6}
		{99242DE1-A084-4C69-B3E0-0D2C3D5ED570} = {2C0EDD59-7BF7-4BAF-8144-BD810C78BFD6}
		{95B72FB8-CD79-4CED-9571-6D94EF2ADEA8} = {2C0EDD59-7BF7-4BAF-8144-BD810C78BFD6}
		{13D52946-CE24-4632-8134-2F7F9F1B2F6E} = {95B72FB8-CD79-4CED-9571-6D94EF2ADEA8}
		{396FA1FA-B00C-4BBB-AE03-C401F5FE9600} = {13D52946-CE24-4632-8134-2F7F9F1B2F6E}
	EndGlobalSection
EndGlobal
