
Microsoft Visual Studio Solution File, Format Version 12.00
# Visual Studio 15
VisualStudioVersion = 15.0.26228.4
MinimumVisualStudioVersion = 10.0.40219.1
Project("{FAE04EC0-301F-11D3-BF4B-00C04F79EFBC}") = "JK.Framework.Data", "JK.Framework.Data\JK.Framework.Data.csproj", "{837B0507-D077-489C-B117-B14D8596E547}"
EndProject
Project("{FAE04EC0-301F-11D3-BF4B-00C04F79EFBC}") = "JK.Framework.Web", "JK.Framework.Web\JK.Framework.Web.csproj", "{47AD0371-1680-4EBA-BED6-9A0FC473B265}"
EndProject
Project("{FAE04EC0-301F-11D3-BF4B-00C04F79EFBC}") = "JK.Framework.Extensions", "JK.Framework.Extensions\JK.Framework.Extensions.csproj", "{FFCDE5F0-5423-4723-A5C9-894CB359FD55}"
EndProject
Project("{FAE04EC0-301F-11D3-BF4B-00C04F79EFBC}") = "JK.Framework.Core", "JK.Framework.Core\JK.Framework.Core.csproj", "{1D16371D-484B-4EA0-8324-E39DC1BB251E}"
EndProject
Project("{FAE04EC0-301F-11D3-BF4B-00C04F79EFBC}") = "JK.Framework.API", "JK.Framework.API\JK.Framework.API.csproj", "{5D62A6D4-9579-45C9-AD39-592776FBB6C6}"
EndProject
Project("{FAE04EC0-301F-11D3-BF4B-00C04F79EFBC}") = "JK.Framework.Pay", "JK.Framework.Pay\JK.Framework.Pay.csproj", "{D8F93D0A-620F-4BB7-A0B2-E799CEF75B8C}"
EndProject
Project("{FAE04EC0-301F-11D3-BF4B-00C04F79EFBC}") = "JK.Framework.Sms", "JK.Framework.Sms\JK.Framework.Sms.csproj", "{A400624B-ADFE-47E0-8B21-C71F2C612537}"
EndProject
Project("{2150E333-8FDC-42A3-9474-1A3956D46DE8}") = "ReadMe", "ReadMe", "{4A66177F-E981-4E20-B65E-77D0CFC3D926}"
	ProjectSection(SolutionItems) = preProject
		ReadMe.txt = ReadMe.txt
	EndProjectSection
EndProject
Project("{FAE04EC0-301F-11D3-BF4B-00C04F79EFBC}") = "JK.Framework.Test", "JK.Framework.Test\JK.Framework.Test.csproj", "{56C31614-2356-468D-B175-C83DB8EDE843}"
EndProject
Project("{2150E333-8FDC-42A3-9474-1A3956D46DE8}") = "Other", "Other", "{FD36F2AB-0AD2-4CE0-A4C1-0F8623A049FE}"
EndProject
Project("{2150E333-8FDC-42A3-9474-1A3956D46DE8}") = "Test", "Test", "{103C971A-D80F-4876-80CC-587E83DB7D96}"
EndProject
Project("{FAE04EC0-301F-11D3-BF4B-00C04F79EFBC}") = "JK.Framework.Logistics", "JK.Framework.Logistics\JK.Framework.Logistics.csproj", "{F1E0F78E-9F3C-4B2C-B573-5D8919FAE57E}"
EndProject
Project("{FAE04EC0-301F-11D3-BF4B-00C04F79EFBC}") = "JK.Frameword.Oauth", "JK.Frameword.Oauth\JK.Frameword.Oauth.csproj", "{9B347CC8-FA5F-4B09-A3D2-97A0F5D38862}"
EndProject
Global
	GlobalSection(SolutionConfigurationPlatforms) = preSolution
		Debug|Any CPU = Debug|Any CPU
		Release|Any CPU = Release|Any CPU
	EndGlobalSection
	GlobalSection(ProjectConfigurationPlatforms) = postSolution
		{837B0507-D077-489C-B117-B14D8596E547}.Debug|Any CPU.ActiveCfg = Debug|Any CPU
		{837B0507-D077-489C-B117-B14D8596E547}.Debug|Any CPU.Build.0 = Debug|Any CPU
		{837B0507-D077-489C-B117-B14D8596E547}.Release|Any CPU.ActiveCfg = Release|Any CPU
		{837B0507-D077-489C-B117-B14D8596E547}.Release|Any CPU.Build.0 = Release|Any CPU
		{47AD0371-1680-4EBA-BED6-9A0FC473B265}.Debug|Any CPU.ActiveCfg = Debug|Any CPU
		{47AD0371-1680-4EBA-BED6-9A0FC473B265}.Debug|Any CPU.Build.0 = Debug|Any CPU
		{47AD0371-1680-4EBA-BED6-9A0FC473B265}.Release|Any CPU.ActiveCfg = Release|Any CPU
		{47AD0371-1680-4EBA-BED6-9A0FC473B265}.Release|Any CPU.Build.0 = Release|Any CPU
		{FFCDE5F0-5423-4723-A5C9-894CB359FD55}.Debug|Any CPU.ActiveCfg = Debug|Any CPU
		{FFCDE5F0-5423-4723-A5C9-894CB359FD55}.Debug|Any CPU.Build.0 = Debug|Any CPU
		{FFCDE5F0-5423-4723-A5C9-894CB359FD55}.Release|Any CPU.ActiveCfg = Release|Any CPU
		{FFCDE5F0-5423-4723-A5C9-894CB359FD55}.Release|Any CPU.Build.0 = Release|Any CPU
		{1D16371D-484B-4EA0-8324-E39DC1BB251E}.Debug|Any CPU.ActiveCfg = Debug|Any CPU
		{1D16371D-484B-4EA0-8324-E39DC1BB251E}.Debug|Any CPU.Build.0 = Debug|Any CPU
		{1D16371D-484B-4EA0-8324-E39DC1BB251E}.Release|Any CPU.ActiveCfg = Release|Any CPU
		{1D16371D-484B-4EA0-8324-E39DC1BB251E}.Release|Any CPU.Build.0 = Release|Any CPU
		{5D62A6D4-9579-45C9-AD39-592776FBB6C6}.Debug|Any CPU.ActiveCfg = Debug|Any CPU
		{5D62A6D4-9579-45C9-AD39-592776FBB6C6}.Debug|Any CPU.Build.0 = Debug|Any CPU
		{5D62A6D4-9579-45C9-AD39-592776FBB6C6}.Release|Any CPU.ActiveCfg = Release|Any CPU
		{5D62A6D4-9579-45C9-AD39-592776FBB6C6}.Release|Any CPU.Build.0 = Release|Any CPU
		{D8F93D0A-620F-4BB7-A0B2-E799CEF75B8C}.Debug|Any CPU.ActiveCfg = Debug|Any CPU
		{D8F93D0A-620F-4BB7-A0B2-E799CEF75B8C}.Debug|Any CPU.Build.0 = Debug|Any CPU
		{D8F93D0A-620F-4BB7-A0B2-E799CEF75B8C}.Release|Any CPU.ActiveCfg = Release|Any CPU
		{D8F93D0A-620F-4BB7-A0B2-E799CEF75B8C}.Release|Any CPU.Build.0 = Release|Any CPU
		{A400624B-ADFE-47E0-8B21-C71F2C612537}.Debug|Any CPU.ActiveCfg = Debug|Any CPU
		{A400624B-ADFE-47E0-8B21-C71F2C612537}.Debug|Any CPU.Build.0 = Debug|Any CPU
		{A400624B-ADFE-47E0-8B21-C71F2C612537}.Release|Any CPU.ActiveCfg = Release|Any CPU
		{A400624B-ADFE-47E0-8B21-C71F2C612537}.Release|Any CPU.Build.0 = Release|Any CPU
		{56C31614-2356-468D-B175-C83DB8EDE843}.Debug|Any CPU.ActiveCfg = Debug|Any CPU
		{56C31614-2356-468D-B175-C83DB8EDE843}.Debug|Any CPU.Build.0 = Debug|Any CPU
		{56C31614-2356-468D-B175-C83DB8EDE843}.Release|Any CPU.ActiveCfg = Release|Any CPU
		{56C31614-2356-468D-B175-C83DB8EDE843}.Release|Any CPU.Build.0 = Release|Any CPU
		{F1E0F78E-9F3C-4B2C-B573-5D8919FAE57E}.Debug|Any CPU.ActiveCfg = Debug|Any CPU
		{F1E0F78E-9F3C-4B2C-B573-5D8919FAE57E}.Debug|Any CPU.Build.0 = Debug|Any CPU
		{F1E0F78E-9F3C-4B2C-B573-5D8919FAE57E}.Release|Any CPU.ActiveCfg = Release|Any CPU
		{F1E0F78E-9F3C-4B2C-B573-5D8919FAE57E}.Release|Any CPU.Build.0 = Release|Any CPU
		{9B347CC8-FA5F-4B09-A3D2-97A0F5D38862}.Debug|Any CPU.ActiveCfg = Debug|Any CPU
		{9B347CC8-FA5F-4B09-A3D2-97A0F5D38862}.Debug|Any CPU.Build.0 = Debug|Any CPU
		{9B347CC8-FA5F-4B09-A3D2-97A0F5D38862}.Release|Any CPU.ActiveCfg = Release|Any CPU
		{9B347CC8-FA5F-4B09-A3D2-97A0F5D38862}.Release|Any CPU.Build.0 = Release|Any CPU
	EndGlobalSection
	GlobalSection(SolutionProperties) = preSolution
		HideSolutionNode = FALSE
	EndGlobalSection
	GlobalSection(NestedProjects) = preSolution
		{D8F93D0A-620F-4BB7-A0B2-E799CEF75B8C} = {FD36F2AB-0AD2-4CE0-A4C1-0F8623A049FE}
		{A400624B-ADFE-47E0-8B21-C71F2C612537} = {FD36F2AB-0AD2-4CE0-A4C1-0F8623A049FE}
		{56C31614-2356-468D-B175-C83DB8EDE843} = {103C971A-D80F-4876-80CC-587E83DB7D96}
		{F1E0F78E-9F3C-4B2C-B573-5D8919FAE57E} = {FD36F2AB-0AD2-4CE0-A4C1-0F8623A049FE}
		{9B347CC8-FA5F-4B09-A3D2-97A0F5D38862} = {FD36F2AB-0AD2-4CE0-A4C1-0F8623A049FE}
	EndGlobalSection
EndGlobal
